// !$*UTF8*$!
{
	archiveVersion = 1;
	classes = {
	};
	objectVersion = 50;
	objects = {

/* Begin PBXBuildFile section */
		5126051523CF5BBE00DB327D /* AppDelegate.m in Sources */ = {isa = PBXBuildFile; fileRef = 5126051423CF5BBE00DB327D /* AppDelegate.m */; };
		5126051823CF5BBE00DB327D /* SceneDelegate.m in Sources */ = {isa = PBXBuildFile; fileRef = 5126051723CF5BBE00DB327D /* SceneDelegate.m */; };
		5126051B23CF5BBE00DB327D /* ViewController.m in Sources */ = {isa = PBXBuildFile; fileRef = 5126051A23CF5BBE00DB327D /* ViewController.m */; };
		5126051E23CF5BBF00DB327D /* Main.storyboard in Resources */ = {isa = PBXBuildFile; fileRef = 5126051C23CF5BBF00DB327D /* Main.storyboard */; };
		5126052023CF5BC100DB327D /* Assets.xcassets in Resources */ = {isa = PBXBuildFile; fileRef = 5126051F23CF5BC100DB327D /* Assets.xcassets */; };
		5126052323CF5BC100DB327D /* LaunchScreen.storyboard in Resources */ = {isa = PBXBuildFile; fileRef = 5126052123CF5BC100DB327D /* LaunchScreen.storyboard */; };
		5126052623CF5BC100DB327D /* main.m in Sources */ = {isa = PBXBuildFile; fileRef = 5126052523CF5BC100DB327D /* main.m */; };
		5166F8B523D35DA600C92E36 /* CrashHandler.m in Sources */ = {isa = PBXBuildFile; fileRef = 5166F8B423D35DA600C92E36 /* CrashHandler.m */; };
/* End PBXBuildFile section */

/* Begin PBXFileReference section */
		5126051023CF5BBE00DB327D /* TestSignal.app */ = {isa = PBXFileReference; explicitFileType = wrapper.application; includeInIndex = 0; path = TestSignal.app; sourceTree = BUILT_PRODUCTS_DIR; };
		5126051323CF5BBE00DB327D /* AppDelegate.h */ = {isa = PBXFileReference; lastKnownFileType = sourcecode.c.h; path = AppDelegate.h; sourceTree = "<group>"; };
		5126051423CF5BBE00DB327D /* AppDelegate.m */ = {isa = PBXFileReference; lastKnownFileType = sourcecode.c.objc; path = AppDelegate.m; sourceTree = "<group>"; };
		5126051623CF5BBE00DB327D /* SceneDelegate.h */ = {isa = PBXFileReference; lastKnownFileType = sourcecode.c.h; path = SceneDelegate.h; sourceTree = "<group>"; };
		5126051723CF5BBE00DB327D /* SceneDelegate.m */ = {isa = PBXFileReference; lastKnownFileType = sourcecode.c.objc; path = SceneDelegate.m; sourceTree = "<group>"; };
		5126051923CF5BBE00DB327D /* ViewController.h */ = {isa = PBXFileReference; lastKnownFileType = sourcecode.c.h; path = ViewController.h; sourceTree = "<group>"; };
		5126051A23CF5BBE00DB327D /* ViewController.m */ = {isa = PBXFileReference; lastKnownFileType = sourcecode.c.objc; path = ViewController.m; sourceTree = "<group>"; };
		5126051D23CF5BBF00DB327D /* Base */ = {isa = PBXFileReference; lastKnownFileType = file.storyboard; name = Base; path = Base.lproj/Main.storyboard; sourceTree = "<group>"; };
		5126051F23CF5BC100DB327D /* Assets.xcassets */ = {isa = PBXFileReference; lastKnownFileType = folder.assetcatalog; path = Assets.xcassets; sourceTree = "<group>"; };
		5126052223CF5BC100DB327D /* Base */ = {isa = PBXFileReference; lastKnownFileType = file.storyboard; name = Base; path = Base.lproj/LaunchScreen.storyboard; sourceTree = "<group>"; };
		5126052423CF5BC100DB327D /* Info.plist */ = {isa = PBXFileReference; lastKnownFileType = text.plist.xml; path = Info.plist; sourceTree = "<group>"; };
		5126052523CF5BC100DB327D /* main.m */ = {isa = PBXFileReference; lastKnownFileType = sourcecode.c.objc; path = main.m; sourceTree = "<group>"; };
		5166F8B323D35DA600C92E36 /* CrashHandler.h */ = {isa = PBXFileReference; lastKnownFileType = sourcecode.c.h; path = CrashHandler.h; sourceTree = "<group>"; };
		5166F8B423D35DA600C92E36 /* CrashHandler.m */ = {isa = PBXFileReference; lastKnownFileType = sourcecode.c.objc; path = CrashHandler.m; sourceTree = "<group>"; };
/* End PBXFileReference section */

/* Begin PBXFrameworksBuildPhase section */
		5126050D23CF5BBE00DB327D /* Frameworks */ = {
			isa = PBXFrameworksBuildPhase;
			buildActionMask = 2147483647;
			files = (
			);
			runOnlyForDeploymentPostprocessing = 0;
		};
/* End PBXFrameworksBuildPhase section */

/* Begin PBXGroup section */
		5126050723CF5BBE00DB327D = {
			isa = PBXGroup;
			children = (
				5126051223CF5BBE00DB327D /* TestSignal */,
				5126051123CF5BBE00DB327D /* Products */,
			);
			sourceTree = "<group>";
		};
		5126051123CF5BBE00DB327D /* Products */ = {
			isa = PBXGroup;
			children = (
				5126051023CF5BBE00DB327D /* TestSignal.app */,
			);
			name = Products;
			sourceTree = "<group>";
		};
		5126051223CF5BBE00DB327D /* TestSignal */ = {
			isa = PBXGroup;
			children = (
				5126051323CF5BBE00DB327D /* AppDelegate.h */,
				5126051423CF5BBE00DB327D /* AppDelegate.m */,
				5126051623CF5BBE00DB327D /* SceneDelegate.h */,
				5126051723CF5BBE00DB327D /* SceneDelegate.m */,
				5126051923CF5BBE00DB327D /* ViewController.h */,
				5126051A23CF5BBE00DB327D /* ViewController.m */,
				5166F8B323D35DA600C92E36 /* CrashHandler.h */,
				5166F8B423D35DA600C92E36 /* CrashHandler.m */,
				5126051C23CF5BBF00DB327D /* Main.storyboard */,
				5126051F23CF5BC100DB327D /* Assets.xcassets */,
				5126052123CF5BC100DB327D /* LaunchScreen.storyboard */,
				5126052423CF5BC100DB327D /* Info.plist */,
				5126052523CF5BC100DB327D /* main.m */,
			);
			path = TestSignal;
			sourceTree = "<group>";
		};
/* End PBXGroup section */

/* Begin PBXNativeTarget section */
		5126050F23CF5BBE00DB327D /* TestSignal */ = {
			isa = PBXNativeTarget;
			buildConfigurationList = 5126052923CF5BC100DB327D /* Build configuration list for PBXNativeTarget "TestSignal" */;
			buildPhases = (
				5126050C23CF5BBE00DB327D /* Sources */,
				5126050D23CF5BBE00DB327D /* Frameworks */,
				5126050E23CF5BBE00DB327D /* Resources */,
			);
			buildRules = (
			);
			dependencies = (
			);
			name = TestSignal;
			productName = TestSignal;
			productReference = 5126051023CF5BBE00DB327D /* TestSignal.app */;
			productType = "com.apple.product-type.application";
		};
/* End PBXNativeTarget section */

/* Begin PBXProject section */
		5126050823CF5BBE00DB327D /* Project object */ = {
			isa = PBXProject;
			attributes = {
				LastUpgradeCheck = 1120;
				ORGANIZATIONNAME = "joey cao";
				TargetAttributes = {
					5126050F23CF5BBE00DB327D = {
						CreatedOnToolsVersion = 11.2.1;
					};
				};
			};
			buildConfigurationList = 5126050B23CF5BBE00DB327D /* Build configuration list for PBXProject "TestSignal" */;
			compatibilityVersion = "Xcode 9.3";
			developmentRegion = en;
			hasScannedForEncodings = 0;
			knownRegions = (
				en,
				Base,
			);
			mainGroup = 5126050723CF5BBE00DB327D;
			productRefGroup = 5126051123CF5BBE00DB327D /* Products */;
			projectDirPath = "";
			projectRoot = "";
			targets = (
				5126050F23CF5BBE00DB327D /* TestSignal */,
			);
		};
/* End PBXProject section */

/* Begin PBXResourcesBuildPhase section */
		5126050E23CF5BBE00DB327D /* Resources */ = {
			isa = PBXResourcesBuildPhase;
			buildActionMask = 2147483647;
			files = (
				5126052323CF5BC100DB327D /* LaunchScreen.storyboard in Resources */,
				5126052023CF5BC100DB327D /* Assets.xcassets in Resources */,
				5126051E23CF5BBF00DB327D /* Main.storyboard in Resources */,
			);
			runOnlyForDeploymentPostprocessing = 0;
		};
/* End PBXResourcesBuildPhase section */

/* Begin PBXSourcesBuildPhase section */
		5126050C23CF5BBE00DB327D /* Sources */ = {
			isa = PBXSourcesBuildPhase;
			buildActionMask = 2147483647;
			files = (
				5166F8B523D35DA600C92E36 /* CrashHandler.m in Sources */,
				5126051B23CF5BBE00DB327D /* ViewController.m in Sources */,
				5126051523CF5BBE00DB327D /* AppDelegate.m in Sources */,
				5126052623CF5BC100DB327D /* main.m in Sources */,
				5126051823CF5BBE00DB327D /* SceneDelegate.m in Sources */,
			);
			runOnlyForDeploymentPostprocessing = 0;
		};
/* End PBXSourcesBuildPhase section */

/* Begin PBXVariantGroup section */
		5126051C23CF5BBF00DB327D /* Main.storyboard */ = {
			isa = PBXVariantGroup;
			children = (
				5126051D23CF5BBF00DB327D /* Base */,
			);
			name = Main.storyboard;
			sourceTree = "<group>";
		};
		5126052123CF5BC100DB327D /* LaunchScreen.storyboard */ = {
			isa = PBXVariantGroup;
			children = (
				5126052223CF5BC100DB327D /* Base */,
			);
			name = LaunchScreen.storyboard;
			sourceTree = "<group>";
		};
/* End PBXVariantGroup section */

/* Begin XCBuildConfiguration section */
		5126052723CF5BC100DB327D /* Debug */ = {
			isa = XCBuildConfiguration;
			buildSettings = {
				ALWAYS_SEARCH_USER_PATHS = NO;
				CLANG_ANALYZER_NONNULL = YES;
				CLANG_ANALYZER_NUMBER_OBJECT_CONVERSION = YES_AGGRESSIVE;
				CLANG_CXX_LANGUAGE_STANDARD = "gnu++14";
				CLANG_CXX_LIBRARY = "libc++";
				CLANG_ENABLE_MODULES = YES;
				CLANG_ENABLE_OBJC_ARC = YES;
				CLANG_ENABLE_OBJC_WEAK = YES;
				CLANG_WARN_BLOCK_CAPTURE_AUTORELEASING = YES;
				CLANG_WARN_BOOL_CONVERSION = YES;
				CLANG_WARN_COMMA = YES;
				CLANG_WARN_CONSTANT_CONVERSION = YES;
				CLANG_WARN_DEPRECATED_OBJC_IMPLEMENTATIONS = YES;
				CLANG_WARN_DIRECT_OBJC_ISA_USAGE = YES_ERROR;
				CLANG_WARN_DOCUMENTATION_COMMENTS = YES;
				CLANG_WARN_EMPTY_BODY = YES;
				CLANG_WARN_ENUM_CONVERSION = YES;
				CLANG_WARN_INFINITE_RECURSION = YES;
				CLANG_WARN_INT_CONVERSION = YES;
				CLANG_WARN_NON_LITERAL_NULL_CONVERSION = YES;
				CLANG_WARN_OBJC_IMPLICIT_RETAIN_SELF = YES;
				CLANG_WARN_OBJC_LITERAL_CONVERSION = YES;
				CLANG_WARN_OBJC_ROOT_CLASS = YES_ERROR;
				CLANG_WARN_RANGE_LOOP_ANALYSIS = YES;
				CLANG_WARN_STRICT_PROTOTYPES = YES;
				CLANG_WARN_SUSPICIOUS_MOVE = YES;
				CLANG_WARN_UNGUARDED_AVAILABILITY = YES_AGGRESSIVE;
				CLANG_WARN_UNREACHABLE_CODE = YES;
				CLANG_WARN__DUPLICATE_METHOD_MATCH = YES;
				COPY_PHASE_STRIP = NO;
				DEBUG_INFORMATION_FORMAT = dwarf;
				ENABLE_STRICT_OBJC_MSGSEND = YES;
				ENABLE_TESTABILITY = YES;
				GCC_C_LANGUAGE_STANDARD = gnu11;
				GCC_DYNAMIC_NO_PIC = NO;
				GCC_NO_COMMON_BLOCKS = YES;
				GCC_OPTIMIZATION_LEVEL = 0;
				GCC_PREPROCESSOR_DEFINITIONS = (
					"DEBUG=1",
					"$(inherited)",
				);
				GCC_WARN_64_TO_32_BIT_CONVERSION = YES;
				GCC_WARN_ABOUT_RETURN_TYPE = YES_ERROR;
				GCC_WARN_UNDECLARED_SELECTOR = YES;
				GCC_WARN_UNINITIALIZED_AUTOS = YES_AGGRESSIVE;
				GCC_WARN_UNUSED_FUNCTION = YES;
				GCC_WARN_UNUSED_VARIABLE = YES;
				IPHONEOS_DEPLOYMENT_TARGET = 13.2;
				MTL_ENABLE_DEBUG_INFO = INCLUDE_SOURCE;
				MTL_FAST_MATH = YES;
				ONLY_ACTIVE_ARCH = YES;
				SDKROOT = iphoneos;
			};
			name = Debug;
		};
		5126052823CF5BC100DB327D /* Release */ = {
			isa = XCBuildConfiguration;
			buildSettings = {
				ALWAYS_SEARCH_USER_PATHS = NO;
				CLANG_ANALYZER_NONNULL = YES;
				CLANG_ANALYZER_NUMBER_OBJECT_CONVERSION = YES_AGGRESSIVE;
				CLANG_CXX_LANGUAGE_STANDARD = "gnu++14";
				CLANG_CXX_LIBRARY = "libc++";
				CLANG_ENABLE_MODULES = YES;
				CLANG_ENABLE_OBJC_ARC = YES;
				CLANG_ENABLE_OBJC_WEAK = YES;
				CLANG_WARN_BLOCK_CAPTURE_AUTORELEASING = YES;
				CLANG_WARN_BOOL_CONVERSION = YES;
				CLANG_WARN_COMMA = YES;
				CLANG_WARN_CONSTANT_CONVERSION = YES;
				CLANG_WARN_DEPRECATED_OBJC_IMPLEMENTATIONS = YES;
				CLANG_WARN_DIRECT_OBJC_ISA_USAGE = YES_ERROR;
				CLANG_WARN_DOCUMENTATION_COMMENTS = YES;
				CLANG_WARN_EMPTY_BODY = YES;
				CLANG_WARN_ENUM_CONVERSION = YES;
				CLANG_WARN_INFINITE_RECURSION = YES;
				CLANG_WARN_INT_CONVERSION = YES;
				CLANG_WARN_NON_LITERAL_NULL_CONVERSION = YES;
				CLANG_WARN_OBJC_IMPLICIT_RETAIN_SELF = YES;
				CLANG_WARN_OBJC_LITERAL_CONVERSION = YES;
				CLANG_WARN_OBJC_ROOT_CLASS = YES_ERROR;
				CLANG_WARN_RANGE_LOOP_ANALYSIS = YES;
				CLANG_WARN_STRICT_PROTOTYPES = YES;
				CLANG_WARN_SUSPICIOUS_MOVE = YES;
				CLANG_WARN_UNGUARDED_AVAILABILITY = YES_AGGRESSIVE;
				CLANG_WARN_UNREACHABLE_CODE = YES;
				CLANG_WARN__DUPLICATE_METHOD_MATCH = YES;
				COPY_PHASE_STRIP = NO;
				DEBUG_INFORMATION_FORMAT = "dwarf-with-dsym";
				ENABLE_NS_ASSERTIONS = NO;
				ENABLE_STRICT_OBJC_MSGSEND = YES;
				GCC_C_LANGUAGE_STANDARD = gnu11;
				GCC_NO_COMMON_BLOCKS = YES;
				GCC_WARN_64_TO_32_BIT_CONVERSION = YES;
				GCC_WARN_ABOUT_RETURN_TYPE = YES_ERROR;
				GCC_WARN_UNDECLARED_SELECTOR = YES;
				GCC_WARN_UNINITIALIZED_AUTOS = YES_AGGRESSIVE;
				GCC_WARN_UNUSED_FUNCTION = YES;
				GCC_WARN_UNUSED_VARIABLE = YES;
				IPHONEOS_DEPLOYMENT_TARGET = 13.2;
				MTL_ENABLE_DEBUG_INFO = NO;
				MTL_FAST_MATH = YES;
				SDKROOT = iphoneos;
				VALIDATE_PRODUCT = YES;
			};
			name = Release;
		};
		5126052A23CF5BC100DB327D /* Debug */ = {
			isa = XCBuildConfiguration;
			buildSettings = {
				ASSETCATALOG_COMPILER_APPICON_NAME = AppIcon;
				CODE_SIGN_STYLE = Automatic;
				INFOPLIST_FILE = TestSignal/Info.plist;
				LD_RUNPATH_SEARCH_PATHS = (
					"$(inherited)",
					"@executable_path/Frameworks",
				);
				PRODUCT_BUNDLE_IDENTIFIER = com.joey.MyTest.TestSignal;
				PRODUCT_NAME = "$(TARGET_NAME)";
				TARGETED_DEVICE_FAMILY = "1,2";
			};
			name = Debug;
		};
		5126052B23CF5BC100DB327D /* Release */ = {
			isa = XCBuildConfiguration;
			buildSettings = {
				ASSETCATALOG_COMPILER_APPICON_NAME = AppIcon;
				CODE_SIGN_STYLE = Automatic;
				INFOPLIST_FILE = TestSignal/Info.plist;
				LD_RUNPATH_SEARCH_PATHS = (
					"$(inherited)",
					"@executable_path/Frameworks",
				);
				PRODUCT_BUNDLE_IDENTIFIER = com.joey.MyTest.TestSignal;
				PRODUCT_NAME = "$(TARGET_NAME)";
				TARGETED_DEVICE_FAMILY = "1,2";
			};
			name = Release;
		};
/* End XCBuildConfiguration section */

/* Begin XCConfigurationList section */
		5126050B23CF5BBE00DB327D /* Build configuration list for PBXProject "TestSignal" */ = {
			isa = XCConfigurationList;
			buildConfigurations = (
				5126052723CF5BC100DB327D /* Debug */,
				5126052823CF5BC100DB327D /* Release */,
			);
			defaultConfigurationIsVisible = 0;
			defaultConfigurationName = Release;
		};
		5126052923CF5BC100DB327D /* Build configuration list for PBXNativeTarget "TestSignal" */ = {
			isa = XCConfigurationList;
			buildConfigurations = (
				5126052A23CF5BC100DB327D /* Debug */,
				5126052B23CF5BC100DB327D /* Release */,
			);
			defaultConfigurationIsVisible = 0;
			defaultConfigurationName = Release;
		};
/* End XCConfigurationList section */
	};
	rootObject = 5126050823CF5BBE00DB327D /* Project object */;
}
