// !$*UTF8*$!
{
	archiveVersion = 1;
	classes = {
	};
	objectVersion = 50;
	objects = {

/* Begin PBXBuildFile section */
		5101169023A66C1A00042EC5 /* CommonFunctions.mm in Sources */ = {isa = PBXBuildFile; fileRef = 5101168E23A66C1A00042EC5 /* CommonFunctions.mm */; };
		51AC8E2D239CE82F00B7A925 /* AppDelegate.m in Sources */ = {isa = PBXBuildFile; fileRef = 51AC8E2C239CE82F00B7A925 /* AppDelegate.m */; };
		51AC8E30239CE82F00B7A925 /* SceneDelegate.m in Sources */ = {isa = PBXBuildFile; fileRef = 51AC8E2F239CE82F00B7A925 /* SceneDelegate.m */; };
		51AC8E33239CE82F00B7A925 /* ViewController.m in Sources */ = {isa = PBXBuildFile; fileRef = 51AC8E32239CE82F00B7A925 /* ViewController.m */; };
		51AC8E36239CE82F00B7A925 /* Main.storyboard in Resources */ = {isa = PBXBuildFile; fileRef = 51AC8E34239CE82F00B7A925 /* Main.storyboard */; };
		51AC8E38239CE83100B7A925 /* Assets.xcassets in Resources */ = {isa = PBXBuildFile; fileRef = 51AC8E37239CE83100B7A925 /* Assets.xcassets */; };
		51AC8E3B239CE83100B7A925 /* LaunchScreen.storyboard in Resources */ = {isa = PBXBuildFile; fileRef = 51AC8E39239CE83100B7A925 /* LaunchScreen.storyboard */; };
		51AC8E3E239CE83100B7A925 /* main.m in Sources */ = {isa = PBXBuildFile; fileRef = 51AC8E3D239CE83100B7A925 /* main.m */; };
		51AC8E49239CE8F800B7A925 /* TestServer.m in Sources */ = {isa = PBXBuildFile; fileRef = 51AC8E48239CE8F800B7A925 /* TestServer.m */; };
		51AC8EF6239EA74700B7A925 /* TestServer1.m in Sources */ = {isa = PBXBuildFile; fileRef = 51AC8EF5239EA74700B7A925 /* TestServer1.m */; };
		51AC8EF9239EA76200B7A925 /* BaseServer.m in Sources */ = {isa = PBXBuildFile; fileRef = 51AC8EF8239EA76200B7A925 /* BaseServer.m */; };
/* End PBXBuildFile section */

/* Begin PBXFileReference section */
		5101168E23A66C1A00042EC5 /* CommonFunctions.mm */ = {isa = PBXFileReference; fileEncoding = 4; lastKnownFileType = sourcecode.cpp.objcpp; path = CommonFunctions.mm; sourceTree = "<group>"; };
		5101168F23A66C1A00042EC5 /* CommonFunctions.h */ = {isa = PBXFileReference; fileEncoding = 4; lastKnownFileType = sourcecode.c.h; path = CommonFunctions.h; sourceTree = "<group>"; };
		51AC8E28239CE82F00B7A925 /* TestServer.app */ = {isa = PBXFileReference; explicitFileType = wrapper.application; includeInIndex = 0; path = TestServer.app; sourceTree = BUILT_PRODUCTS_DIR; };
		51AC8E2B239CE82F00B7A925 /* AppDelegate.h */ = {isa = PBXFileReference; lastKnownFileType = sourcecode.c.h; path = AppDelegate.h; sourceTree = "<group>"; };
		51AC8E2C239CE82F00B7A925 /* AppDelegate.m */ = {isa = PBXFileReference; lastKnownFileType = sourcecode.c.objc; path = AppDelegate.m; sourceTree = "<group>"; };
		51AC8E2E239CE82F00B7A925 /* SceneDelegate.h */ = {isa = PBXFileReference; lastKnownFileType = sourcecode.c.h; path = SceneDelegate.h; sourceTree = "<group>"; };
		51AC8E2F239CE82F00B7A925 /* SceneDelegate.m */ = {isa = PBXFileReference; lastKnownFileType = sourcecode.c.objc; path = SceneDelegate.m; sourceTree = "<group>"; };
		51AC8E31239CE82F00B7A925 /* ViewController.h */ = {isa = PBXFileReference; lastKnownFileType = sourcecode.c.h; path = ViewController.h; sourceTree = "<group>"; };
		51AC8E32239CE82F00B7A925 /* ViewController.m */ = {isa = PBXFileReference; lastKnownFileType = sourcecode.c.objc; path = ViewController.m; sourceTree = "<group>"; };
		51AC8E35239CE82F00B7A925 /* Base */ = {isa = PBXFileReference; lastKnownFileType = file.storyboard; name = Base; path = Base.lproj/Main.storyboard; sourceTree = "<group>"; };
		51AC8E37239CE83100B7A925 /* Assets.xcassets */ = {isa = PBXFileReference; lastKnownFileType = folder.assetcatalog; path = Assets.xcassets; sourceTree = "<group>"; };
		51AC8E3A239CE83100B7A925 /* Base */ = {isa = PBXFileReference; lastKnownFileType = file.storyboard; name = Base; path = Base.lproj/LaunchScreen.storyboard; sourceTree = "<group>"; };
		51AC8E3C239CE83100B7A925 /* Info.plist */ = {isa = PBXFileReference; lastKnownFileType = text.plist.xml; path = Info.plist; sourceTree = "<group>"; };
		51AC8E3D239CE83100B7A925 /* main.m */ = {isa = PBXFileReference; lastKnownFileType = sourcecode.c.objc; path = main.m; sourceTree = "<group>"; };
		51AC8E47239CE8F800B7A925 /* TestServer.h */ = {isa = PBXFileReference; fileEncoding = 4; lastKnownFileType = sourcecode.c.h; path = TestServer.h; sourceTree = "<group>"; };
		51AC8E48239CE8F800B7A925 /* TestServer.m */ = {isa = PBXFileReference; fileEncoding = 4; lastKnownFileType = sourcecode.c.objc; path = TestServer.m; sourceTree = "<group>"; };
		51AC8EF4239EA74700B7A925 /* TestServer1.h */ = {isa = PBXFileReference; lastKnownFileType = sourcecode.c.h; path = TestServer1.h; sourceTree = "<group>"; };
		51AC8EF5239EA74700B7A925 /* TestServer1.m */ = {isa = PBXFileReference; lastKnownFileType = sourcecode.c.objc; path = TestServer1.m; sourceTree = "<group>"; };
		51AC8EF7239EA76100B7A925 /* BaseServer.h */ = {isa = PBXFileReference; lastKnownFileType = sourcecode.c.h; path = BaseServer.h; sourceTree = "<group>"; };
		51AC8EF8239EA76200B7A925 /* BaseServer.m */ = {isa = PBXFileReference; lastKnownFileType = sourcecode.c.objc; path = BaseServer.m; sourceTree = "<group>"; };
/* End PBXFileReference section */

/* Begin PBXFrameworksBuildPhase section */
		51AC8E25239CE82F00B7A925 /* Frameworks */ = {
			isa = PBXFrameworksBuildPhase;
			buildActionMask = 2147483647;
			files = (
			);
			runOnlyForDeploymentPostprocessing = 0;
		};
/* End PBXFrameworksBuildPhase section */

/* Begin PBXGroup section */
		5101169123A66C1C00042EC5 /* Servers */ = {
			isa = PBXGroup;
			children = (
				5101168E23A66C1A00042EC5 /* CommonFunctions.mm */,
				5101168F23A66C1A00042EC5 /* CommonFunctions.h */,
				51AC8EF7239EA76100B7A925 /* BaseServer.h */,
				51AC8EF8239EA76200B7A925 /* BaseServer.m */,
				51AC8E47239CE8F800B7A925 /* TestServer.h */,
				51AC8E48239CE8F800B7A925 /* TestServer.m */,
				51AC8EF4239EA74700B7A925 /* TestServer1.h */,
				51AC8EF5239EA74700B7A925 /* TestServer1.m */,
			);
			path = Servers;
			sourceTree = "<group>";
		};
		51AC8E1F239CE82F00B7A925 = {
			isa = PBXGroup;
			children = (
				51AC8E2A239CE82F00B7A925 /* TestServer */,
				51AC8E29239CE82F00B7A925 /* Products */,
			);
			sourceTree = "<group>";
		};
		51AC8E29239CE82F00B7A925 /* Products */ = {
			isa = PBXGroup;
			children = (
				51AC8E28239CE82F00B7A925 /* TestServer.app */,
			);
			name = Products;
			sourceTree = "<group>";
		};
		51AC8E2A239CE82F00B7A925 /* TestServer */ = {
			isa = PBXGroup;
			children = (
				5101169123A66C1C00042EC5 /* Servers */,
				51AC8E2B239CE82F00B7A925 /* AppDelegate.h */,
				51AC8E2C239CE82F00B7A925 /* AppDelegate.m */,
				51AC8E2E239CE82F00B7A925 /* SceneDelegate.h */,
				51AC8E2F239CE82F00B7A925 /* SceneDelegate.m */,
				51AC8E31239CE82F00B7A925 /* ViewController.h */,
				51AC8E32239CE82F00B7A925 /* ViewController.m */,
				51AC8E34239CE82F00B7A925 /* Main.storyboard */,
				51AC8E37239CE83100B7A925 /* Assets.xcassets */,
				51AC8E39239CE83100B7A925 /* LaunchScreen.storyboard */,
				51AC8E3C239CE83100B7A925 /* Info.plist */,
				51AC8E3D239CE83100B7A925 /* main.m */,
			);
			path = TestServer;
			sourceTree = "<group>";
		};
/* End PBXGroup section */

/* Begin PBXNativeTarget section */
		51AC8E27239CE82F00B7A925 /* TestServer */ = {
			isa = PBXNativeTarget;
			buildConfigurationList = 51AC8E41239CE83100B7A925 /* Build configuration list for PBXNativeTarget "TestServer" */;
			buildPhases = (
				51AC8E24239CE82F00B7A925 /* Sources */,
				51AC8E25239CE82F00B7A925 /* Frameworks */,
				51AC8E26239CE82F00B7A925 /* Resources */,
			);
			buildRules = (
			);
			dependencies = (
			);
			name = TestServer;
			productName = TestServer;
			productReference = 51AC8E28239CE82F00B7A925 /* TestServer.app */;
			productType = "com.apple.product-type.application";
		};
/* End PBXNativeTarget section */

/* Begin PBXProject section */
		51AC8E20239CE82F00B7A925 /* Project object */ = {
			isa = PBXProject;
			attributes = {
				LastUpgradeCheck = 1120;
				ORGANIZATIONNAME = "joey cao";
				TargetAttributes = {
					51AC8E27239CE82F00B7A925 = {
						CreatedOnToolsVersion = 11.2.1;
					};
				};
			};
			buildConfigurationList = 51AC8E23239CE82F00B7A925 /* Build configuration list for PBXProject "TestServer" */;
			compatibilityVersion = "Xcode 9.3";
			developmentRegion = en;
			hasScannedForEncodings = 0;
			knownRegions = (
				en,
				Base,
			);
			mainGroup = 51AC8E1F239CE82F00B7A925;
			productRefGroup = 51AC8E29239CE82F00B7A925 /* Products */;
			projectDirPath = "";
			projectRoot = "";
			targets = (
				51AC8E27239CE82F00B7A925 /* TestServer */,
			);
		};
/* End PBXProject section */

/* Begin PBXResourcesBuildPhase section */
		51AC8E26239CE82F00B7A925 /* Resources */ = {
			isa = PBXResourcesBuildPhase;
			buildActionMask = 2147483647;
			files = (
				51AC8E3B239CE83100B7A925 /* LaunchScreen.storyboard in Resources */,
				51AC8E38239CE83100B7A925 /* Assets.xcassets in Resources */,
				51AC8E36239CE82F00B7A925 /* Main.storyboard in Resources */,
			);
			runOnlyForDeploymentPostprocessing = 0;
		};
/* End PBXResourcesBuildPhase section */

/* Begin PBXSourcesBuildPhase section */
		51AC8E24239CE82F00B7A925 /* Sources */ = {
			isa = PBXSourcesBuildPhase;
			buildActionMask = 2147483647;
			files = (
				51AC8EF9239EA76200B7A925 /* BaseServer.m in Sources */,
				51AC8E33239CE82F00B7A925 /* ViewController.m in Sources */,
				51AC8E2D239CE82F00B7A925 /* AppDelegate.m in Sources */,
				51AC8EF6239EA74700B7A925 /* TestServer1.m in Sources */,
				51AC8E49239CE8F800B7A925 /* TestServer.m in Sources */,
				51AC8E3E239CE83100B7A925 /* main.m in Sources */,
				5101169023A66C1A00042EC5 /* CommonFunctions.mm in Sources */,
				51AC8E30239CE82F00B7A925 /* SceneDelegate.m in Sources */,
			);
			runOnlyForDeploymentPostprocessing = 0;
		};
/* End PBXSourcesBuildPhase section */

/* Begin PBXVariantGroup section */
		51AC8E34239CE82F00B7A925 /* Main.storyboard */ = {
			isa = PBXVariantGroup;
			children = (
				51AC8E35239CE82F00B7A925 /* Base */,
			);
			name = Main.storyboard;
			sourceTree = "<group>";
		};
		51AC8E39239CE83100B7A925 /* LaunchScreen.storyboard */ = {
			isa = PBXVariantGroup;
			children = (
				51AC8E3A239CE83100B7A925 /* Base */,
			);
			name = LaunchScreen.storyboard;
			sourceTree = "<group>";
		};
/* End PBXVariantGroup section */

/* Begin XCBuildConfiguration section */
		51AC8E3F239CE83100B7A925 /* Debug */ = {
			isa = XCBuildConfiguration;
			buildSettings = {
				ALWAYS_SEARCH_USER_PATHS = NO;
				CLANG_ANALYZER_NONNULL = YES;
				CLANG_ANALYZER_NUMBER_OBJECT_CONVERSION = YES_AGGRESSIVE;
				CLANG_CXX_LANGUAGE_STANDARD = "gnu++14";
				CLANG_CXX_LIBRARY = "libc++";
				CLANG_ENABLE_MODULES = YES;
				CLANG_ENABLE_OBJC_ARC = YES;
				CLANG_ENABLE_OBJC_WEAK = YES;
				CLANG_WARN_BLOCK_CAPTURE_AUTORELEASING = YES;
				CLANG_WARN_BOOL_CONVERSION = YES;
				CLANG_WARN_COMMA = YES;
				CLANG_WARN_CONSTANT_CONVERSION = YES;
				CLANG_WARN_DEPRECATED_OBJC_IMPLEMENTATIONS = YES;
				CLANG_WARN_DIRECT_OBJC_ISA_USAGE = YES_ERROR;
				CLANG_WARN_DOCUMENTATION_COMMENTS = YES;
				CLANG_WARN_EMPTY_BODY = YES;
				CLANG_WARN_ENUM_CONVERSION = YES;
				CLANG_WARN_INFINITE_RECURSION = YES;
				CLANG_WARN_INT_CONVERSION = YES;
				CLANG_WARN_NON_LITERAL_NULL_CONVERSION = YES;
				CLANG_WARN_OBJC_IMPLICIT_RETAIN_SELF = YES;
				CLANG_WARN_OBJC_LITERAL_CONVERSION = YES;
				CLANG_WARN_OBJC_ROOT_CLASS = YES_ERROR;
				CLANG_WARN_RANGE_LOOP_ANALYSIS = YES;
				CLANG_WARN_STRICT_PROTOTYPES = YES;
				CLANG_WARN_SUSPICIOUS_MOVE = YES;
				CLANG_WARN_UNGUARDED_AVAILABILITY = YES_AGGRESSIVE;
				CLANG_WARN_UNREACHABLE_CODE = YES;
				CLANG_WARN__DUPLICATE_METHOD_MATCH = YES;
				COPY_PHASE_STRIP = NO;
				DEBUG_INFORMATION_FORMAT = dwarf;
				ENABLE_STRICT_OBJC_MSGSEND = YES;
				ENABLE_TESTABILITY = YES;
				GCC_C_LANGUAGE_STANDARD = gnu11;
				GCC_DYNAMIC_NO_PIC = NO;
				GCC_NO_COMMON_BLOCKS = YES;
				GCC_OPTIMIZATION_LEVEL = 0;
				GCC_PREPROCESSOR_DEFINITIONS = (
					"DEBUG=1",
					"$(inherited)",
				);
				GCC_WARN_64_TO_32_BIT_CONVERSION = YES;
				GCC_WARN_ABOUT_RETURN_TYPE = YES_ERROR;
				GCC_WARN_UNDECLARED_SELECTOR = YES;
				GCC_WARN_UNINITIALIZED_AUTOS = YES_AGGRESSIVE;
				GCC_WARN_UNUSED_FUNCTION = YES;
				GCC_WARN_UNUSED_VARIABLE = YES;
				IPHONEOS_DEPLOYMENT_TARGET = 10.0;
				MTL_ENABLE_DEBUG_INFO = INCLUDE_SOURCE;
				MTL_FAST_MATH = YES;
				ONLY_ACTIVE_ARCH = YES;
				SDKROOT = iphoneos;
			};
			name = Debug;
		};
		51AC8E40239CE83100B7A925 /* Release */ = {
			isa = XCBuildConfiguration;
			buildSettings = {
				ALWAYS_SEARCH_USER_PATHS = NO;
				CLANG_ANALYZER_NONNULL = YES;
				CLANG_ANALYZER_NUMBER_OBJECT_CONVERSION = YES_AGGRESSIVE;
				CLANG_CXX_LANGUAGE_STANDARD = "gnu++14";
				CLANG_CXX_LIBRARY = "libc++";
				CLANG_ENABLE_MODULES = YES;
				CLANG_ENABLE_OBJC_ARC = YES;
				CLANG_ENABLE_OBJC_WEAK = YES;
				CLANG_WARN_BLOCK_CAPTURE_AUTORELEASING = YES;
				CLANG_WARN_BOOL_CONVERSION = YES;
				CLANG_WARN_COMMA = YES;
				CLANG_WARN_CONSTANT_CONVERSION = YES;
				CLANG_WARN_DEPRECATED_OBJC_IMPLEMENTATIONS = YES;
				CLANG_WARN_DIRECT_OBJC_ISA_USAGE = YES_ERROR;
				CLANG_WARN_DOCUMENTATION_COMMENTS = YES;
				CLANG_WARN_EMPTY_BODY = YES;
				CLANG_WARN_ENUM_CONVERSION = YES;
				CLANG_WARN_INFINITE_RECURSION = YES;
				CLANG_WARN_INT_CONVERSION = YES;
				CLANG_WARN_NON_LITERAL_NULL_CONVERSION = YES;
				CLANG_WARN_OBJC_IMPLICIT_RETAIN_SELF = YES;
				CLANG_WARN_OBJC_LITERAL_CONVERSION = YES;
				CLANG_WARN_OBJC_ROOT_CLASS = YES_ERROR;
				CLANG_WARN_RANGE_LOOP_ANALYSIS = YES;
				CLANG_WARN_STRICT_PROTOTYPES = YES;
				CLANG_WARN_SUSPICIOUS_MOVE = YES;
				CLANG_WARN_UNGUARDED_AVAILABILITY = YES_AGGRESSIVE;
				CLANG_WARN_UNREACHABLE_CODE = YES;
				CLANG_WARN__DUPLICATE_METHOD_MATCH = YES;
				COPY_PHASE_STRIP = NO;
				DEBUG_INFORMATION_FORMAT = "dwarf-with-dsym";
				ENABLE_NS_ASSERTIONS = NO;
				ENABLE_STRICT_OBJC_MSGSEND = YES;
				GCC_C_LANGUAGE_STANDARD = gnu11;
				GCC_NO_COMMON_BLOCKS = YES;
				GCC_WARN_64_TO_32_BIT_CONVERSION = YES;
				GCC_WARN_ABOUT_RETURN_TYPE = YES_ERROR;
				GCC_WARN_UNDECLARED_SELECTOR = YES;
				GCC_WARN_UNINITIALIZED_AUTOS = YES_AGGRESSIVE;
				GCC_WARN_UNUSED_FUNCTION = YES;
				GCC_WARN_UNUSED_VARIABLE = YES;
				IPHONEOS_DEPLOYMENT_TARGET = 10.0;
				MTL_ENABLE_DEBUG_INFO = NO;
				MTL_FAST_MATH = YES;
				SDKROOT = iphoneos;
				VALIDATE_PRODUCT = YES;
			};
			name = Release;
		};
		51AC8E42239CE83100B7A925 /* Debug */ = {
			isa = XCBuildConfiguration;
			buildSettings = {
				ASSETCATALOG_COMPILER_APPICON_NAME = AppIcon;
				CODE_SIGN_STYLE = Automatic;
				INFOPLIST_FILE = TestServer/Info.plist;
				LD_RUNPATH_SEARCH_PATHS = (
					"$(inherited)",
					"@executable_path/Frameworks",
				);
				PRODUCT_BUNDLE_IDENTIFIER = com.joey.MyTest.TestServer;
				PRODUCT_NAME = "$(TARGET_NAME)";
				TARGETED_DEVICE_FAMILY = "1,2";
			};
			name = Debug;
		};
		51AC8E43239CE83100B7A925 /* Release */ = {
			isa = XCBuildConfiguration;
			buildSettings = {
				ASSETCATALOG_COMPILER_APPICON_NAME = AppIcon;
				CODE_SIGN_STYLE = Automatic;
				INFOPLIST_FILE = TestServer/Info.plist;
				LD_RUNPATH_SEARCH_PATHS = (
					"$(inherited)",
					"@executable_path/Frameworks",
				);
				PRODUCT_BUNDLE_IDENTIFIER = com.joey.MyTest.TestServer;
				PRODUCT_NAME = "$(TARGET_NAME)";
				TARGETED_DEVICE_FAMILY = "1,2";
			};
			name = Release;
		};
/* End XCBuildConfiguration section */

/* Begin XCConfigurationList section */
		51AC8E23239CE82F00B7A925 /* Build configuration list for PBXProject "TestServer" */ = {
			isa = XCConfigurationList;
			buildConfigurations = (
				51AC8E3F239CE83100B7A925 /* Debug */,
				51AC8E40239CE83100B7A925 /* Release */,
			);
			defaultConfigurationIsVisible = 0;
			defaultConfigurationName = Release;
		};
		51AC8E41239CE83100B7A925 /* Build configuration list for PBXNativeTarget "TestServer" */ = {
			isa = XCConfigurationList;
			buildConfigurations = (
				51AC8E42239CE83100B7A925 /* Debug */,
				51AC8E43239CE83100B7A925 /* Release */,
			);
			defaultConfigurationIsVisible = 0;
			defaultConfigurationName = Release;
		};
/* End XCConfigurationList section */
	};
	rootObject = 51AC8E20239CE82F00B7A925 /* Project object */;
}
